// !$*UTF8*$!
{
	archiveVersion = 1;
	classes = {
	};
	objectVersion = 46;
	objects = {

/* Begin PBXBuildFile section */
		0519DD441E4739CF00EA5D67 /* AppDelegate.swift in Sources */ = {isa = PBXBuildFile; fileRef = 0519DD431E4739CF00EA5D67 /* AppDelegate.swift */; };
		0519DD461E4739CF00EA5D67 /* ViewController.swift in Sources */ = {isa = PBXBuildFile; fileRef = 0519DD451E4739CF00EA5D67 /* ViewController.swift */; };
		0519DD491E4739CF00EA5D67 /* Main.storyboard in Resources */ = {isa = PBXBuildFile; fileRef = 0519DD471E4739CF00EA5D67 /* Main.storyboard */; };
		0519DD4B1E4739CF00EA5D67 /* Assets.xcassets in Resources */ = {isa = PBXBuildFile; fileRef = 0519DD4A1E4739CF00EA5D67 /* Assets.xcassets */; };
		0519DD4E1E4739CF00EA5D67 /* LaunchScreen.storyboard in Resources */ = {isa = PBXBuildFile; fileRef = 0519DD4C1E4739CF00EA5D67 /* LaunchScreen.storyboard */; };
		0519DD591E4739D000EA5D67 /* SmileShutterTests.swift in Sources */ = {isa = PBXBuildFile; fileRef = 0519DD581E4739D000EA5D67 /* SmileShutterTests.swift */; };
		0519DD641E4739D000EA5D67 /* SmileShutterUITests.swift in Sources */ = {isa = PBXBuildFile; fileRef = 0519DD631E4739D000EA5D67 /* SmileShutterUITests.swift */; };
/* End PBXBuildFile section */

/* Begin PBXContainerItemProxy section */
		0519DD551E4739D000EA5D67 /* PBXContainerItemProxy */ = {
			isa = PBXContainerItemProxy;
			containerPortal = 0519DD381E4739CF00EA5D67 /* Project object */;
			proxyType = 1;
			remoteGlobalIDString = 0519DD3F1E4739CF00EA5D67;
			remoteInfo = SmileShutter;
		};
		0519DD601E4739D000EA5D67 /* PBXContainerItemProxy */ = {
			isa = PBXContainerItemProxy;
			containerPortal = 0519DD381E4739CF00EA5D67 /* Project object */;
			proxyType = 1;
			remoteGlobalIDString = 0519DD3F1E4739CF00EA5D67;
			remoteInfo = SmileShutter;
		};
/* End PBXContainerItemProxy section */

/* Begin PBXFileReference section */
		0519DD401E4739CF00EA5D67 /* SmileShutter.app */ = {isa = PBXFileReference; explicitFileType = wrapper.application; includeInIndex = 0; path = SmileShutter.app; sourceTree = BUILT_PRODUCTS_DIR; };
		0519DD431E4739CF00EA5D67 /* AppDelegate.swift */ = {isa = PBXFileReference; lastKnownFileType = sourcecode.swift; path = AppDelegate.swift; sourceTree = "<group>"; };
		0519DD451E4739CF00EA5D67 /* ViewController.swift */ = {isa = PBXFileReference; lastKnownFileType = sourcecode.swift; path = ViewController.swift; sourceTree = "<group>"; };
		0519DD481E4739CF00EA5D67 /* Base */ = {isa = PBXFileReference; lastKnownFileType = file.storyboard; name = Base; path = Base.lproj/Main.storyboard; sourceTree = "<group>"; };
		0519DD4A1E4739CF00EA5D67 /* Assets.xcassets */ = {isa = PBXFileReference; lastKnownFileType = folder.assetcatalog; path = Assets.xcassets; sourceTree = "<group>"; };
		0519DD4D1E4739CF00EA5D67 /* Base */ = {isa = PBXFileReference; lastKnownFileType = file.storyboard; name = Base; path = Base.lproj/LaunchScreen.storyboard; sourceTree = "<group>"; };
		0519DD4F1E4739CF00EA5D67 /* Info.plist */ = {isa = PBXFileReference; lastKnownFileType = text.plist.xml; path = Info.plist; sourceTree = "<group>"; };
		0519DD541E4739D000EA5D67 /* SmileShutterTests.xctest */ = {isa = PBXFileReference; explicitFileType = wrapper.cfbundle; includeInIndex = 0; path = SmileShutterTests.xctest; sourceTree = BUILT_PRODUCTS_DIR; };
		0519DD581E4739D000EA5D67 /* SmileShutterTests.swift */ = {isa = PBXFileReference; lastKnownFileType = sourcecode.swift; path = SmileShutterTests.swift; sourceTree = "<group>"; };
		0519DD5A1E4739D000EA5D67 /* Info.plist */ = {isa = PBXFileReference; lastKnownFileType = text.plist.xml; path = Info.plist; sourceTree = "<group>"; };
		0519DD5F1E4739D000EA5D67 /* SmileShutterUITests.xctest */ = {isa = PBXFileReference; explicitFileType = wrapper.cfbundle; includeInIndex = 0; path = SmileShutterUITests.xctest; sourceTree = BUILT_PRODUCTS_DIR; };
		0519DD631E4739D000EA5D67 /* SmileShutterUITests.swift */ = {isa = PBXFileReference; lastKnownFileType = sourcecode.swift; path = SmileShutterUITests.swift; sourceTree = "<group>"; };
		0519DD651E4739D000EA5D67 /* Info.plist */ = {isa = PBXFileReference; lastKnownFileType = text.plist.xml; path = Info.plist; sourceTree = "<group>"; };
/* End PBXFileReference section */

/* Begin PBXFrameworksBuildPhase section */
		0519DD3D1E4739CF00EA5D67 /* Frameworks */ = {
			isa = PBXFrameworksBuildPhase;
			buildActionMask = 2147483647;
			files = (
			);
			runOnlyForDeploymentPostprocessing = 0;
		};
		0519DD511E4739D000EA5D67 /* Frameworks */ = {
			isa = PBXFrameworksBuildPhase;
			buildActionMask = 2147483647;
			files = (
			);
			runOnlyForDeploymentPostprocessing = 0;
		};
		0519DD5C1E4739D000EA5D67 /* Frameworks */ = {
			isa = PBXFrameworksBuildPhase;
			buildActionMask = 2147483647;
			files = (
			);
			runOnlyForDeploymentPostprocessing = 0;
		};
/* End PBXFrameworksBuildPhase section */

/* Begin PBXGroup section */
		0519DD371E4739CF00EA5D67 = {
			isa = PBXGroup;
			children = (
				0519DD421E4739CF00EA5D67 /* SmileShutter */,
				0519DD571E4739D000EA5D67 /* SmileShutterTests */,
				0519DD621E4739D000EA5D67 /* SmileShutterUITests */,
				0519DD411E4739CF00EA5D67 /* Products */,
			);
			sourceTree = "<group>";
		};
		0519DD411E4739CF00EA5D67 /* Products */ = {
			isa = PBXGroup;
			children = (
				0519DD401E4739CF00EA5D67 /* SmileShutter.app */,
				0519DD541E4739D000EA5D67 /* SmileShutterTests.xctest */,
				0519DD5F1E4739D000EA5D67 /* SmileShutterUITests.xctest */,
			);
			name = Products;
			sourceTree = "<group>";
		};
		0519DD421E4739CF00EA5D67 /* SmileShutter */ = {
			isa = PBXGroup;
			children = (
				0519DD431E4739CF00EA5D67 /* AppDelegate.swift */,
				0519DD451E4739CF00EA5D67 /* ViewController.swift */,
				0519DD471E4739CF00EA5D67 /* Main.storyboard */,
				0519DD4A1E4739CF00EA5D67 /* Assets.xcassets */,
				0519DD4C1E4739CF00EA5D67 /* LaunchScreen.storyboard */,
				0519DD4F1E4739CF00EA5D67 /* Info.plist */,
			);
			path = SmileShutter;
			sourceTree = "<group>";
		};
		0519DD571E4739D000EA5D67 /* SmileShutterTests */ = {
			isa = PBXGroup;
			children = (
				0519DD581E4739D000EA5D67 /* SmileShutterTests.swift */,
				0519DD5A1E4739D000EA5D67 /* Info.plist */,
			);
			path = SmileShutterTests;
			sourceTree = "<group>";
		};
		0519DD621E4739D000EA5D67 /* SmileShutterUITests */ = {
			isa = PBXGroup;
			children = (
				0519DD631E4739D000EA5D67 /* SmileShutterUITests.swift */,
				0519DD651E4739D000EA5D67 /* Info.plist */,
			);
			path = SmileShutterUITests;
			sourceTree = "<group>";
		};
/* End PBXGroup section */

/* Begin PBXNativeTarget section */
		0519DD3F1E4739CF00EA5D67 /* SmileShutter */ = {
			isa = PBXNativeTarget;
			buildConfigurationList = 0519DD681E4739D000EA5D67 /* Build configuration list for PBXNativeTarget "SmileShutter" */;
			buildPhases = (
				0519DD3C1E4739CF00EA5D67 /* Sources */,
				0519DD3D1E4739CF00EA5D67 /* Frameworks */,
				0519DD3E1E4739CF00EA5D67 /* Resources */,
			);
			buildRules = (
			);
			dependencies = (
			);
			name = SmileShutter;
			productName = SmileShutter;
			productReference = 0519DD401E4739CF00EA5D67 /* SmileShutter.app */;
			productType = "com.apple.product-type.application";
		};
		0519DD531E4739D000EA5D67 /* SmileShutterTests */ = {
			isa = PBXNativeTarget;
			buildConfigurationList = 0519DD6B1E4739D000EA5D67 /* Build configuration list for PBXNativeTarget "SmileShutterTests" */;
			buildPhases = (
				0519DD501E4739D000EA5D67 /* Sources */,
				0519DD511E4739D000EA5D67 /* Frameworks */,
				0519DD521E4739D000EA5D67 /* Resources */,
			);
			buildRules = (
			);
			dependencies = (
				0519DD561E4739D000EA5D67 /* PBXTargetDependency */,
			);
			name = SmileShutterTests;
			productName = SmileShutterTests;
			productReference = 0519DD541E4739D000EA5D67 /* SmileShutterTests.xctest */;
			productType = "com.apple.product-type.bundle.unit-test";
		};
		0519DD5E1E4739D000EA5D67 /* SmileShutterUITests */ = {
			isa = PBXNativeTarget;
			buildConfigurationList = 0519DD6E1E4739D000EA5D67 /* Build configuration list for PBXNativeTarget "SmileShutterUITests" */;
			buildPhases = (
				0519DD5B1E4739D000EA5D67 /* Sources */,
				0519DD5C1E4739D000EA5D67 /* Frameworks */,
				0519DD5D1E4739D000EA5D67 /* Resources */,
			);
			buildRules = (
			);
			dependencies = (
				0519DD611E4739D000EA5D67 /* PBXTargetDependency */,
			);
			name = SmileShutterUITests;
			productName = SmileShutterUITests;
			productReference = 0519DD5F1E4739D000EA5D67 /* SmileShutterUITests.xctest */;
			productType = "com.apple.product-type.bundle.ui-testing";
		};
/* End PBXNativeTarget section */

/* Begin PBXProject section */
		0519DD381E4739CF00EA5D67 /* Project object */ = {
			isa = PBXProject;
			attributes = {
				LastSwiftUpdateCheck = 0820;
				LastUpgradeCheck = 0820;
				ORGANIZATIONNAME = LUCKY;
				TargetAttributes = {
					0519DD3F1E4739CF00EA5D67 = {
						CreatedOnToolsVersion = 8.2.1;
						DevelopmentTeam = LHBMUZN49C;
						ProvisioningStyle = Automatic;
					};
					0519DD531E4739D000EA5D67 = {
						CreatedOnToolsVersion = 8.2.1;
						DevelopmentTeam = LHBMUZN49C;
						ProvisioningStyle = Automatic;
						TestTargetID = 0519DD3F1E4739CF00EA5D67;
					};
					0519DD5E1E4739D000EA5D67 = {
						CreatedOnToolsVersion = 8.2.1;
						DevelopmentTeam = LHBMUZN49C;
						ProvisioningStyle = Automatic;
						TestTargetID = 0519DD3F1E4739CF00EA5D67;
					};
				};
			};
			buildConfigurationList = 0519DD3B1E4739CF00EA5D67 /* Build configuration list for PBXProject "SmileShutter" */;
			compatibilityVersion = "Xcode 3.2";
			developmentRegion = English;
			hasScannedForEncodings = 0;
			knownRegions = (
				en,
				Base,
			);
			mainGroup = 0519DD371E4739CF00EA5D67;
			productRefGroup = 0519DD411E4739CF00EA5D67 /* Products */;
			projectDirPath = "";
			projectRoot = "";
			targets = (
				0519DD3F1E4739CF00EA5D67 /* SmileShutter */,
				0519DD531E4739D000EA5D67 /* SmileShutterTests */,
				0519DD5E1E4739D000EA5D67 /* SmileShutterUITests */,
			);
		};
/* End PBXProject section */

/* Begin PBXResourcesBuildPhase section */
		0519DD3E1E4739CF00EA5D67 /* Resources */ = {
			isa = PBXResourcesBuildPhase;
			buildActionMask = 2147483647;
			files = (
				0519DD4E1E4739CF00EA5D67 /* LaunchScreen.storyboard in Resources */,
				0519DD4B1E4739CF00EA5D67 /* Assets.xcassets in Resources */,
				0519DD491E4739CF00EA5D67 /* Main.storyboard in Resources */,
			);
			runOnlyForDeploymentPostprocessing = 0;
		};
		0519DD521E4739D000EA5D67 /* Resources */ = {
			isa = PBXResourcesBuildPhase;
			buildActionMask = 2147483647;
			files = (
			);
			runOnlyForDeploymentPostprocessing = 0;
		};
		0519DD5D1E4739D000EA5D67 /* Resources */ = {
			isa = PBXResourcesBuildPhase;
			buildActionMask = 2147483647;
			files = (
			);
			runOnlyForDeploymentPostprocessing = 0;
		};
/* End PBXResourcesBuildPhase section */

/* Begin PBXSourcesBuildPhase section */
		0519DD3C1E4739CF00EA5D67 /* Sources */ = {
			isa = PBXSourcesBuildPhase;
			buildActionMask = 2147483647;
			files = (
				0519DD461E4739CF00EA5D67 /* ViewController.swift in Sources */,
				0519DD441E4739CF00EA5D67 /* AppDelegate.swift in Sources */,
			);
			runOnlyForDeploymentPostprocessing = 0;
		};
		0519DD501E4739D000EA5D67 /* Sources */ = {
			isa = PBXSourcesBuildPhase;
			buildActionMask = 2147483647;
			files = (
				0519DD591E4739D000EA5D67 /* SmileShutterTests.swift in Sources */,
			);
			runOnlyForDeploymentPostprocessing = 0;
		};
		0519DD5B1E4739D000EA5D67 /* Sources */ = {
			isa = PBXSourcesBuildPhase;
			buildActionMask = 2147483647;
			files = (
				0519DD641E4739D000EA5D67 /* SmileShutterUITests.swift in Sources */,
			);
			runOnlyForDeploymentPostprocessing = 0;
		};
/* End PBXSourcesBuildPhase section */

/* Begin PBXTargetDependency section */
		0519DD561E4739D000EA5D67 /* PBXTargetDependency */ = {
			isa = PBXTargetDependency;
			target = 0519DD3F1E4739CF00EA5D67 /* SmileShutter */;
			targetProxy = 0519DD551E4739D000EA5D67 /* PBXContainerItemProxy */;
		};
		0519DD611E4739D000EA5D67 /* PBXTargetDependency */ = {
			isa = PBXTargetDependency;
			target = 0519DD3F1E4739CF00EA5D67 /* SmileShutter */;
			targetProxy = 0519DD601E4739D000EA5D67 /* PBXContainerItemProxy */;
		};
/* End PBXTargetDependency section */

/* Begin PBXVariantGroup section */
		0519DD471E4739CF00EA5D67 /* Main.storyboard */ = {
			isa = PBXVariantGroup;
			children = (
				0519DD481E4739CF00EA5D67 /* Base */,
			);
			name = Main.storyboard;
			sourceTree = "<group>";
		};
		0519DD4C1E4739CF00EA5D67 /* LaunchScreen.storyboard */ = {
			isa = PBXVariantGroup;
			children = (
				0519DD4D1E4739CF00EA5D67 /* Base */,
			);
			name = LaunchScreen.storyboard;
			sourceTree = "<group>";
		};
/* End PBXVariantGroup section */

/* Begin XCBuildConfiguration section */
		0519DD661E4739D000EA5D67 /* Debug */ = {
			isa = XCBuildConfiguration;
			buildSettings = {
				ALWAYS_SEARCH_USER_PATHS = NO;
				CLANG_ANALYZER_NONNULL = YES;
				CLANG_CXX_LANGUAGE_STANDARD = "gnu++0x";
				CLANG_CXX_LIBRARY = "libc++";
				CLANG_ENABLE_MODULES = YES;
				CLANG_ENABLE_OBJC_ARC = YES;
				CLANG_WARN_BOOL_CONVERSION = YES;
				CLANG_WARN_CONSTANT_CONVERSION = YES;
				CLANG_WARN_DIRECT_OBJC_ISA_USAGE = YES_ERROR;
				CLANG_WARN_DOCUMENTATION_COMMENTS = YES;
				CLANG_WARN_EMPTY_BODY = YES;
				CLANG_WARN_ENUM_CONVERSION = YES;
				CLANG_WARN_INFINITE_RECURSION = YES;
				CLANG_WARN_INT_CONVERSION = YES;
				CLANG_WARN_OBJC_ROOT_CLASS = YES_ERROR;
				CLANG_WARN_SUSPICIOUS_MOVE = YES;
				CLANG_WARN_UNREACHABLE_CODE = YES;
				CLANG_WARN__DUPLICATE_METHOD_MATCH = YES;
				"CODE_SIGN_IDENTITY[sdk=iphoneos*]" = "iPhone Developer";
				COPY_PHASE_STRIP = NO;
				DEBUG_INFORMATION_FORMAT = dwarf;
				ENABLE_STRICT_OBJC_MSGSEND = YES;
				ENABLE_TESTABILITY = YES;
				GCC_C_LANGUAGE_STANDARD = gnu99;
				GCC_DYNAMIC_NO_PIC = NO;
				GCC_NO_COMMON_BLOCKS = YES;
				GCC_OPTIMIZATION_LEVEL = 0;
				GCC_PREPROCESSOR_DEFINITIONS = (
					"DEBUG=1",
					"$(inherited)",
				);
				GCC_WARN_64_TO_32_BIT_CONVERSION = YES;
				GCC_WARN_ABOUT_RETURN_TYPE = YES_ERROR;
				GCC_WARN_UNDECLARED_SELECTOR = YES;
				GCC_WARN_UNINITIALIZED_AUTOS = YES_AGGRESSIVE;
				GCC_WARN_UNUSED_FUNCTION = YES;
				GCC_WARN_UNUSED_VARIABLE = YES;
				IPHONEOS_DEPLOYMENT_TARGET = 10.2;
				MTL_ENABLE_DEBUG_INFO = YES;
				ONLY_ACTIVE_ARCH = YES;
				SDKROOT = iphoneos;
				SWIFT_ACTIVE_COMPILATION_CONDITIONS = DEBUG;
				SWIFT_OPTIMIZATION_LEVEL = "-Onone";
				TARGETED_DEVICE_FAMILY = "1,2";
			};
			name = Debug;
		};
		0519DD671E4739D000EA5D67 /* Release */ = {
			isa = XCBuildConfiguration;
			buildSettings = {
				ALWAYS_SEARCH_USER_PATHS = NO;
				CLANG_ANALYZER_NONNULL = YES;
				CLANG_CXX_LANGUAGE_STANDARD = "gnu++0x";
				CLANG_CXX_LIBRARY = "libc++";
				CLANG_ENABLE_MODULES = YES;
				CLANG_ENABLE_OBJC_ARC = YES;
				CLANG_WARN_BOOL_CONVERSION = YES;
				CLANG_WARN_CONSTANT_CONVERSION = YES;
				CLANG_WARN_DIRECT_OBJC_ISA_USAGE = YES_ERROR;
				CLANG_WARN_DOCUMENTATION_COMMENTS = YES;
				CLANG_WARN_EMPTY_BODY = YES;
				CLANG_WARN_ENUM_CONVERSION = YES;
				CLANG_WARN_INFINITE_RECURSION = YES;
				CLANG_WARN_INT_CONVERSION = YES;
				CLANG_WARN_OBJC_ROOT_CLASS = YES_ERROR;
				CLANG_WARN_SUSPICIOUS_MOVE = YES;
				CLANG_WARN_UNREACHABLE_CODE = YES;
				CLANG_WARN__DUPLICATE_METHOD_MATCH = YES;
				"CODE_SIGN_IDENTITY[sdk=iphoneos*]" = "iPhone Developer";
				COPY_PHASE_STRIP = NO;
				DEBUG_INFORMATION_FORMAT = "dwarf-with-dsym";
				ENABLE_NS_ASSERTIONS = NO;
				ENABLE_STRICT_OBJC_MSGSEND = YES;
				GCC_C_LANGUAGE_STANDARD = gnu99;
				GCC_NO_COMMON_BLOCKS = YES;
				GCC_WARN_64_TO_32_BIT_CONVERSION = YES;
				GCC_WARN_ABOUT_RETURN_TYPE = YES_ERROR;
				GCC_WARN_UNDECLARED_SELECTOR = YES;
				GCC_WARN_UNINITIALIZED_AUTOS = YES_AGGRESSIVE;
				GCC_WARN_UNUSED_FUNCTION = YES;
				GCC_WARN_UNUSED_VARIABLE = YES;
				IPHONEOS_DEPLOYMENT_TARGET = 10.2;
				MTL_ENABLE_DEBUG_INFO = NO;
				SDKROOT = iphoneos;
				SWIFT_OPTIMIZATION_LEVEL = "-Owholemodule";
				TARGETED_DEVICE_FAMILY = "1,2";
				VALIDATE_PRODUCT = YES;
			};
			name = Release;
		};
		0519DD691E4739D000EA5D67 /* Debug */ = {
			isa = XCBuildConfiguration;
			buildSettings = {
				ASSETCATALOG_COMPILER_APPICON_NAME = AppIcon;
				DEVELOPMENT_TEAM = LHBMUZN49C;
				INFOPLIST_FILE = SmileShutter/Info.plist;
				LD_RUNPATH_SEARCH_PATHS = "$(inherited) @executable_path/Frameworks";
				PRODUCT_BUNDLE_IDENTIFIER = jp.co.ricoh.SmileShutter;
				PRODUCT_NAME = "$(TARGET_NAME)";
				SWIFT_VERSION = 3.0;
			};
			name = Debug;
		};
		0519DD6A1E4739D000EA5D67 /* Release */ = {
			isa = XCBuildConfiguration;
			buildSettings = {
				ASSETCATALOG_COMPILER_APPICON_NAME = AppIcon;
				DEVELOPMENT_TEAM = LHBMUZN49C;
				INFOPLIST_FILE = SmileShutter/Info.plist;
				LD_RUNPATH_SEARCH_PATHS = "$(inherited) @executable_path/Frameworks";
				PRODUCT_BUNDLE_IDENTIFIER = jp.co.ricoh.SmileShutter;
				PRODUCT_NAME = "$(TARGET_NAME)";
				SWIFT_VERSION = 3.0;
			};
			name = Release;
		};
		0519DD6C1E4739D000EA5D67 /* Debug */ = {
			isa = XCBuildConfiguration;
			buildSettings = {
				ALWAYS_EMBED_SWIFT_STANDARD_LIBRARIES = YES;
				BUNDLE_LOADER = "$(TEST_HOST)";
				DEVELOPMENT_TEAM = LHBMUZN49C;
				INFOPLIST_FILE = SmileShutterTests/Info.plist;
				LD_RUNPATH_SEARCH_PATHS = "$(inherited) @executable_path/Frameworks @loader_path/Frameworks";
				PRODUCT_BUNDLE_IDENTIFIER = jp.co.ricoh.SmileShutterTests;
				PRODUCT_NAME = "$(TARGET_NAME)";
				SWIFT_VERSION = 3.0;
				TEST_HOST = "$(BUILT_PRODUCTS_DIR)/SmileShutter.app/SmileShutter";
			};
			name = Debug;
		};
		0519DD6D1E4739D000EA5D67 /* Release */ = {
			isa = XCBuildConfiguration;
			buildSettings = {
				ALWAYS_EMBED_SWIFT_STANDARD_LIBRARIES = YES;
				BUNDLE_LOADER = "$(TEST_HOST)";
				DEVELOPMENT_TEAM = LHBMUZN49C;
				INFOPLIST_FILE = SmileShutterTests/Info.plist;
				LD_RUNPATH_SEARCH_PATHS = "$(inherited) @executable_path/Frameworks @loader_path/Frameworks";
				PRODUCT_BUNDLE_IDENTIFIER = jp.co.ricoh.SmileShutterTests;
				PRODUCT_NAME = "$(TARGET_NAME)";
				SWIFT_VERSION = 3.0;
				TEST_HOST = "$(BUILT_PRODUCTS_DIR)/SmileShutter.app/SmileShutter";
			};
			name = Release;
		};
		0519DD6F1E4739D000EA5D67 /* Debug */ = {
			isa = XCBuildConfiguration;
			buildSettings = {
				ALWAYS_EMBED_SWIFT_STANDARD_LIBRARIES = YES;
				DEVELOPMENT_TEAM = LHBMUZN49C;
				INFOPLIST_FILE = SmileShutterUITests/Info.plist;
				LD_RUNPATH_SEARCH_PATHS = "$(inherited) @executable_path/Frameworks @loader_path/Frameworks";
				PRODUCT_BUNDLE_IDENTIFIER = jp.co.ricoh.SmileShutterUITests;
				PRODUCT_NAME = "$(TARGET_NAME)";
				SWIFT_VERSION = 3.0;
				TEST_TARGET_NAME = SmileShutter;
			};
			name = Debug;
		};
		0519DD701E4739D000EA5D67 /* Release */ = {
			isa = XCBuildConfiguration;
			buildSettings = {
				ALWAYS_EMBED_SWIFT_STANDARD_LIBRARIES = YES;
				DEVELOPMENT_TEAM = LHBMUZN49C;
				INFOPLIST_FILE = SmileShutterUITests/Info.plist;
				LD_RUNPATH_SEARCH_PATHS = "$(inherited) @executable_path/Frameworks @loader_path/Frameworks";
				PRODUCT_BUNDLE_IDENTIFIER = jp.co.ricoh.SmileShutterUITests;
				PRODUCT_NAME = "$(TARGET_NAME)";
				SWIFT_VERSION = 3.0;
				TEST_TARGET_NAME = SmileShutter;
			};
			name = Release;
		};
/* End XCBuildConfiguration section */

/* Begin XCConfigurationList section */
		0519DD3B1E4739CF00EA5D67 /* Build configuration list for PBXProject "SmileShutter" */ = {
			isa = XCConfigurationList;
			buildConfigurations = (
				0519DD661E4739D000EA5D67 /* Debug */,
				0519DD671E4739D000EA5D67 /* Release */,
			);
			defaultConfigurationIsVisible = 0;
			defaultConfigurationName = Release;
		};
		0519DD681E4739D000EA5D67 /* Build configuration list for PBXNativeTarget "SmileShutter" */ = {
			isa = XCConfigurationList;
			buildConfigurations = (
				0519DD691E4739D000EA5D67 /* Debug */,
				0519DD6A1E4739D000EA5D67 /* Release */,
			);
			defaultConfigurationIsVisible = 0;
		};
		0519DD6B1E4739D000EA5D67 /* Build configuration list for PBXNativeTarget "SmileShutterTests" */ = {
			isa = XCConfigurationList;
			buildConfigurations = (
				0519DD6C1E4739D000EA5D67 /* Debug */,
				0519DD6D1E4739D000EA5D67 /* Release */,
			);
			defaultConfigurationIsVisible = 0;
		};
		0519DD6E1E4739D000EA5D67 /* Build configuration list for PBXNativeTarget "SmileShutterUITests" */ = {
			isa = XCConfigurationList;
			buildConfigurations = (
				0519DD6F1E4739D000EA5D67 /* Debug */,
				0519DD701E4739D000EA5D67 /* Release */,
			);
			defaultConfigurationIsVisible = 0;
		};
/* End XCConfigurationList section */
	};
	rootObject = 0519DD381E4739CF00EA5D67 /* Project object */;
}
